// !$*UTF8*$!
{
	archiveVersion = 1;
	classes = {
	};
	objectVersion = 46;
	objects = {

/* Begin PBXBuildFile section */
		937640F31B57202A002DA315 /* LogItem2ViewController.swift in Sources */ = {isa = PBXBuildFile; fileRef = 937640F21B57202A002DA315 /* LogItem2ViewController.swift */; };
		93CA06261B55C39A00A9876C /* AppDelegate.swift in Sources */ = {isa = PBXBuildFile; fileRef = 93CA06251B55C39A00A9876C /* AppDelegate.swift */; };
		93CA06291B55C39A00A9876C /* MyLog.xcdatamodeld in Sources */ = {isa = PBXBuildFile; fileRef = 93CA06271B55C39A00A9876C /* MyLog.xcdatamodeld */; };
		93CA062B1B55C39A00A9876C /* ViewController.swift in Sources */ = {isa = PBXBuildFile; fileRef = 93CA062A1B55C39A00A9876C /* ViewController.swift */; };
		93CA062E1B55C39A00A9876C /* Main.storyboard in Resources */ = {isa = PBXBuildFile; fileRef = 93CA062C1B55C39A00A9876C /* Main.storyboard */; };
		93CA06301B55C39A00A9876C /* Images.xcassets in Resources */ = {isa = PBXBuildFile; fileRef = 93CA062F1B55C39A00A9876C /* Images.xcassets */; };
		93CA06331B55C39A00A9876C /* LaunchScreen.xib in Resources */ = {isa = PBXBuildFile; fileRef = 93CA06311B55C39A00A9876C /* LaunchScreen.xib */; };
		93CA063F1B55C39A00A9876C /* MyLogTests.swift in Sources */ = {isa = PBXBuildFile; fileRef = 93CA063E1B55C39A00A9876C /* MyLogTests.swift */; };
		93CA06491B55C47600A9876C /* LogItem.swift in Sources */ = {isa = PBXBuildFile; fileRef = 93CA06481B55C47600A9876C /* LogItem.swift */; };
		93CA064B1B55D71000A9876C /* LogItem2.swift in Sources */ = {isa = PBXBuildFile; fileRef = 93CA064A1B55D71000A9876C /* LogItem2.swift */; };
		93CA064F1B5603E500A9876C /* CustomTableViewCell.xib in Resources */ = {isa = PBXBuildFile; fileRef = 93CA064E1B5603E500A9876C /* CustomTableViewCell.xib */; };
/* End PBXBuildFile section */

/* Begin PBXContainerItemProxy section */
		93CA06391B55C39A00A9876C /* PBXContainerItemProxy */ = {
			isa = PBXContainerItemProxy;
			containerPortal = 93CA06181B55C39A00A9876C /* Project object */;
			proxyType = 1;
			remoteGlobalIDString = 93CA061F1B55C39A00A9876C;
			remoteInfo = MyLog;
		};
/* End PBXContainerItemProxy section */

/* Begin PBXFileReference section */
		937640F21B57202A002DA315 /* LogItem2ViewController.swift */ = {isa = PBXFileReference; fileEncoding = 4; lastKnownFileType = sourcecode.swift; path = LogItem2ViewController.swift; sourceTree = "<group>"; };
		93CA06201B55C39A00A9876C /* MyLog.app */ = {isa = PBXFileReference; explicitFileType = wrapper.application; includeInIndex = 0; path = MyLog.app; sourceTree = BUILT_PRODUCTS_DIR; };
		93CA06241B55C39A00A9876C /* Info.plist */ = {isa = PBXFileReference; lastKnownFileType = text.plist.xml; path = Info.plist; sourceTree = "<group>"; };
		93CA06251B55C39A00A9876C /* AppDelegate.swift */ = {isa = PBXFileReference; lastKnownFileType = sourcecode.swift; path = AppDelegate.swift; sourceTree = "<group>"; };
		93CA06281B55C39A00A9876C /* MyLog.xcdatamodel */ = {isa = PBXFileReference; lastKnownFileType = wrapper.xcdatamodel; path = MyLog.xcdatamodel; sourceTree = "<group>"; };
		93CA062A1B55C39A00A9876C /* ViewController.swift */ = {isa = PBXFileReference; lastKnownFileType = sourcecode.swift; path = ViewController.swift; sourceTree = "<group>"; };
		93CA062D1B55C39A00A9876C /* Base */ = {isa = PBXFileReference; lastKnownFileType = file.storyboard; name = Base; path = Base.lproj/Main.storyboard; sourceTree = "<group>"; };
		93CA062F1B55C39A00A9876C /* Images.xcassets */ = {isa = PBXFileReference; lastKnownFileType = folder.assetcatalog; path = Images.xcassets; sourceTree = "<group>"; };
		93CA06321B55C39A00A9876C /* Base */ = {isa = PBXFileReference; lastKnownFileType = file.xib; name = Base; path = Base.lproj/LaunchScreen.xib; sourceTree = "<group>"; };
		93CA06381B55C39A00A9876C /* MyLogTests.xctest */ = {isa = PBXFileReference; explicitFileType = wrapper.cfbundle; includeInIndex = 0; path = MyLogTests.xctest; sourceTree = BUILT_PRODUCTS_DIR; };
		93CA063D1B55C39A00A9876C /* Info.plist */ = {isa = PBXFileReference; lastKnownFileType = text.plist.xml; path = Info.plist; sourceTree = "<group>"; };
		93CA063E1B55C39A00A9876C /* MyLogTests.swift */ = {isa = PBXFileReference; lastKnownFileType = sourcecode.swift; path = MyLogTests.swift; sourceTree = "<group>"; };
		93CA06481B55C47600A9876C /* LogItem.swift */ = {isa = PBXFileReference; fileEncoding = 4; lastKnownFileType = sourcecode.swift; path = LogItem.swift; sourceTree = "<group>"; };
		93CA064A1B55D71000A9876C /* LogItem2.swift */ = {isa = PBXFileReference; fileEncoding = 4; lastKnownFileType = sourcecode.swift; path = LogItem2.swift; sourceTree = "<group>"; };
		93CA064E1B5603E500A9876C /* CustomTableViewCell.xib */ = {isa = PBXFileReference; fileEncoding = 4; lastKnownFileType = file.xib; path = CustomTableViewCell.xib; sourceTree = "<group>"; };
/* End PBXFileReference section */

/* Begin PBXFrameworksBuildPhase section */
		93CA061D1B55C39A00A9876C /* Frameworks */ = {
			isa = PBXFrameworksBuildPhase;
			buildActionMask = 2147483647;
			files = (
			);
			runOnlyForDeploymentPostprocessing = 0;
		};
		93CA06351B55C39A00A9876C /* Frameworks */ = {
			isa = PBXFrameworksBuildPhase;
			buildActionMask = 2147483647;
			files = (
			);
			runOnlyForDeploymentPostprocessing = 0;
		};
/* End PBXFrameworksBuildPhase section */

/* Begin PBXGroup section */
		93724EF11B574D9C00B93653 /* View Controllers */ = {
			isa = PBXGroup;
			children = (
				93CA062A1B55C39A00A9876C /* ViewController.swift */,
				937640F21B57202A002DA315 /* LogItem2ViewController.swift */,
			);
			name = "View Controllers";
			sourceTree = "<group>";
		};
		93724EF21B5753DF00B93653 /* Entities */ = {
			isa = PBXGroup;
			children = (
				93CA064A1B55D71000A9876C /* LogItem2.swift */,
				93CA06481B55C47600A9876C /* LogItem.swift */,
			);
			name = Entities;
			sourceTree = "<group>";
		};
		93CA06171B55C39A00A9876C = {
			isa = PBXGroup;
			children = (
				93CA06221B55C39A00A9876C /* MyLog */,
				93CA063B1B55C39A00A9876C /* MyLogTests */,
				93CA06211B55C39A00A9876C /* Products */,
			);
			sourceTree = "<group>";
		};
		93CA06211B55C39A00A9876C /* Products */ = {
			isa = PBXGroup;
			children = (
				93CA06201B55C39A00A9876C /* MyLog.app */,
				93CA06381B55C39A00A9876C /* MyLogTests.xctest */,
			);
			name = Products;
			sourceTree = "<group>";
		};
		93CA06221B55C39A00A9876C /* MyLog */ = {
			isa = PBXGroup;
			children = (
				93CA06251B55C39A00A9876C /* AppDelegate.swift */,
				93CA062C1B55C39A00A9876C /* Main.storyboard */,
				93CA062F1B55C39A00A9876C /* Images.xcassets */,
				93CA06311B55C39A00A9876C /* LaunchScreen.xib */,
				93CA06271B55C39A00A9876C /* MyLog.xcdatamodeld */,
				93724EF21B5753DF00B93653 /* Entities */,
				93724EF11B574D9C00B93653 /* View Controllers */,
				93CA06231B55C39A00A9876C /* Supporting Files */,
				93CA064E1B5603E500A9876C /* CustomTableViewCell.xib */,
			);
			path = MyLog;
			sourceTree = "<group>";
		};
		93CA06231B55C39A00A9876C /* Supporting Files */ = {
			isa = PBXGroup;
			children = (
				93CA06241B55C39A00A9876C /* Info.plist */,
			);
			name = "Supporting Files";
			sourceTree = "<group>";
		};
		93CA063B1B55C39A00A9876C /* MyLogTests */ = {
			isa = PBXGroup;
			children = (
				93CA063E1B55C39A00A9876C /* MyLogTests.swift */,
				93CA063C1B55C39A00A9876C /* Supporting Files */,
			);
			path = MyLogTests;
			sourceTree = "<group>";
		};
		93CA063C1B55C39A00A9876C /* Supporting Files */ = {
			isa = PBXGroup;
			children = (
				93CA063D1B55C39A00A9876C /* Info.plist */,
			);
			name = "Supporting Files";
			sourceTree = "<group>";
		};
/* End PBXGroup section */

/* Begin PBXNativeTarget section */
		93CA061F1B55C39A00A9876C /* MyLog */ = {
			isa = PBXNativeTarget;
			buildConfigurationList = 93CA06421B55C39A00A9876C /* Build configuration list for PBXNativeTarget "MyLog" */;
			buildPhases = (
				93CA061C1B55C39A00A9876C /* Sources */,
				93CA061D1B55C39A00A9876C /* Frameworks */,
				93CA061E1B55C39A00A9876C /* Resources */,
			);
			buildRules = (
			);
			dependencies = (
			);
			name = MyLog;
			productName = MyLog;
			productReference = 93CA06201B55C39A00A9876C /* MyLog.app */;
			productType = "com.apple.product-type.application";
		};
		93CA06371B55C39A00A9876C /* MyLogTests */ = {
			isa = PBXNativeTarget;
			buildConfigurationList = 93CA06451B55C39A00A9876C /* Build configuration list for PBXNativeTarget "MyLogTests" */;
			buildPhases = (
				93CA06341B55C39A00A9876C /* Sources */,
				93CA06351B55C39A00A9876C /* Frameworks */,
				93CA06361B55C39A00A9876C /* Resources */,
			);
			buildRules = (
			);
			dependencies = (
				93CA063A1B55C39A00A9876C /* PBXTargetDependency */,
			);
			name = MyLogTests;
			productName = MyLogTests;
			productReference = 93CA06381B55C39A00A9876C /* MyLogTests.xctest */;
			productType = "com.apple.product-type.bundle.unit-test";
		};
/* End PBXNativeTarget section */

/* Begin PBXProject section */
		93CA06181B55C39A00A9876C /* Project object */ = {
			isa = PBXProject;
			attributes = {
				LastUpgradeCheck = 0600;
				ORGANIZATIONNAME = "Ben Fishman";
				TargetAttributes = {
					93CA061F1B55C39A00A9876C = {
						CreatedOnToolsVersion = 6.0.1;
					};
					93CA06371B55C39A00A9876C = {
						CreatedOnToolsVersion = 6.0.1;
						TestTargetID = 93CA061F1B55C39A00A9876C;
					};
				};
			};
			buildConfigurationList = 93CA061B1B55C39A00A9876C /* Build configuration list for PBXProject "MyLog" */;
			compatibilityVersion = "Xcode 3.2";
			developmentRegion = English;
			hasScannedForEncodings = 0;
			knownRegions = (
				en,
				Base,
			);
			mainGroup = 93CA06171B55C39A00A9876C;
			productRefGroup = 93CA06211B55C39A00A9876C /* Products */;
			projectDirPath = "";
			projectRoot = "";
			targets = (
				93CA061F1B55C39A00A9876C /* MyLog */,
				93CA06371B55C39A00A9876C /* MyLogTests */,
			);
		};
/* End PBXProject section */

/* Begin PBXResourcesBuildPhase section */
		93CA061E1B55C39A00A9876C /* Resources */ = {
			isa = PBXResourcesBuildPhase;
			buildActionMask = 2147483647;
			files = (
				93CA062E1B55C39A00A9876C /* Main.storyboard in Resources */,
				93CA06331B55C39A00A9876C /* LaunchScreen.xib in Resources */,
				93CA064F1B5603E500A9876C /* CustomTableViewCell.xib in Resources */,
				93CA06301B55C39A00A9876C /* Images.xcassets in Resources */,
			);
			runOnlyForDeploymentPostprocessing = 0;
		};
		93CA06361B55C39A00A9876C /* Resources */ = {
			isa = PBXResourcesBuildPhase;
			buildActionMask = 2147483647;
			files = (
			);
			runOnlyForDeploymentPostprocessing = 0;
		};
/* End PBXResourcesBuildPhase section */

/* Begin PBXSourcesBuildPhase section */
		93CA061C1B55C39A00A9876C /* Sources */ = {
			isa = PBXSourcesBuildPhase;
			buildActionMask = 2147483647;
			files = (
				93CA062B1B55C39A00A9876C /* ViewController.swift in Sources */,
				93CA06491B55C47600A9876C /* LogItem.swift in Sources */,
				93CA06291B55C39A00A9876C /* MyLog.xcdatamodeld in Sources */,
				937640F31B57202A002DA315 /* LogItem2ViewController.swift in Sources */,
				93CA064B1B55D71000A9876C /* LogItem2.swift in Sources */,
				93CA06261B55C39A00A9876C /* AppDelegate.swift in Sources */,
			);
			runOnlyForDeploymentPostprocessing = 0;
		};
		93CA06341B55C39A00A9876C /* Sources */ = {
			isa = PBXSourcesBuildPhase;
			buildActionMask = 2147483647;
			files = (
				93CA063F1B55C39A00A9876C /* MyLogTests.swift in Sources */,
			);
			runOnlyForDeploymentPostprocessing = 0;
		};
/* End PBXSourcesBuildPhase section */

/* Begin PBXTargetDependency section */
		93CA063A1B55C39A00A9876C /* PBXTargetDependency */ = {
			isa = PBXTargetDependency;
			target = 93CA061F1B55C39A00A9876C /* MyLog */;
			targetProxy = 93CA06391B55C39A00A9876C /* PBXContainerItemProxy */;
		};
/* End PBXTargetDependency section */

/* Begin PBXVariantGroup section */
		93CA062C1B55C39A00A9876C /* Main.storyboard */ = {
			isa = PBXVariantGroup;
			children = (
				93CA062D1B55C39A00A9876C /* Base */,
			);
			name = Main.storyboard;
			sourceTree = "<group>";
		};
		93CA06311B55C39A00A9876C /* LaunchScreen.xib */ = {
			isa = PBXVariantGroup;
			children = (
				93CA06321B55C39A00A9876C /* Base */,
			);
			name = LaunchScreen.xib;
			sourceTree = "<group>";
		};
/* End PBXVariantGroup section */

/* Begin XCBuildConfiguration section */
		93CA06401B55C39A00A9876C /* Debug */ = {
			isa = XCBuildConfiguration;
			buildSettings = {
				ALWAYS_SEARCH_USER_PATHS = NO;
				CLANG_CXX_LANGUAGE_STANDARD = "gnu++0x";
				CLANG_CXX_LIBRARY = "libc++";
				CLANG_ENABLE_MODULES = YES;
				CLANG_ENABLE_OBJC_ARC = YES;
				CLANG_WARN_BOOL_CONVERSION = YES;
				CLANG_WARN_CONSTANT_CONVERSION = YES;
				CLANG_WARN_DIRECT_OBJC_ISA_USAGE = YES_ERROR;
				CLANG_WARN_EMPTY_BODY = YES;
				CLANG_WARN_ENUM_CONVERSION = YES;
				CLANG_WARN_INT_CONVERSION = YES;
				CLANG_WARN_OBJC_ROOT_CLASS = YES_ERROR;
				CLANG_WARN_UNREACHABLE_CODE = YES;
				CLANG_WARN__DUPLICATE_METHOD_MATCH = YES;
				"CODE_SIGN_IDENTITY[sdk=iphoneos*]" = "iPhone Developer";
				COPY_PHASE_STRIP = NO;
				ENABLE_STRICT_OBJC_MSGSEND = YES;
				GCC_C_LANGUAGE_STANDARD = gnu99;
				GCC_DYNAMIC_NO_PIC = NO;
				GCC_OPTIMIZATION_LEVEL = 0;
				GCC_PREPROCESSOR_DEFINITIONS = (
					"DEBUG=1",
					"$(inherited)",
				);
				GCC_SYMBOLS_PRIVATE_EXTERN = NO;
				GCC_WARN_64_TO_32_BIT_CONVERSION = YES;
				GCC_WARN_ABOUT_RETURN_TYPE = YES_ERROR;
				GCC_WARN_UNDECLARED_SELECTOR = YES;
				GCC_WARN_UNINITIALIZED_AUTOS = YES_AGGRESSIVE;
				GCC_WARN_UNUSED_FUNCTION = YES;
				GCC_WARN_UNUSED_VARIABLE = YES;
				IPHONEOS_DEPLOYMENT_TARGET = 8.0;
				MTL_ENABLE_DEBUG_INFO = YES;
				ONLY_ACTIVE_ARCH = YES;
				SDKROOT = iphoneos;
				SWIFT_OPTIMIZATION_LEVEL = "-Onone";
			};
			name = Debug;
		};
		93CA06411B55C39A00A9876C /* Release */ = {
			isa = XCBuildConfiguration;
			buildSettings = {
				ALWAYS_SEARCH_USER_PATHS = NO;
				CLANG_CXX_LANGUAGE_STANDARD = "gnu++0x";
				CLANG_CXX_LIBRARY = "libc++";
				CLANG_ENABLE_MODULES = YES;
				CLANG_ENABLE_OBJC_ARC = YES;
				CLANG_WARN_BOOL_CONVERSION = YES;
				CLANG_WARN_CONSTANT_CONVERSION = YES;
				CLANG_WARN_DIRECT_OBJC_ISA_USAGE = YES_ERROR;
				CLANG_WARN_EMPTY_BODY = YES;
				CLANG_WARN_ENUM_CONVERSION = YES;
				CLANG_WARN_INT_CONVERSION = YES;
				CLANG_WARN_OBJC_ROOT_CLASS = YES_ERROR;
				CLANG_WARN_UNREACHABLE_CODE = YES;
				CLANG_WARN__DUPLICATE_METHOD_MATCH = YES;
				"CODE_SIGN_IDENTITY[sdk=iphoneos*]" = "iPhone Developer";
				COPY_PHASE_STRIP = YES;
				ENABLE_NS_ASSERTIONS = NO;
				ENABLE_STRICT_OBJC_MSGSEND = YES;
				GCC_C_LANGUAGE_STANDARD = gnu99;
				GCC_WARN_64_TO_32_BIT_CONVERSION = YES;
				GCC_WARN_ABOUT_RETURN_TYPE = YES_ERROR;
				GCC_WARN_UNDECLARED_SELECTOR = YES;
				GCC_WARN_UNINITIALIZED_AUTOS = YES_AGGRESSIVE;
				GCC_WARN_UNUSED_FUNCTION = YES;
				GCC_WARN_UNUSED_VARIABLE = YES;
				IPHONEOS_DEPLOYMENT_TARGET = 8.0;
				MTL_ENABLE_DEBUG_INFO = NO;
				SDKROOT = iphoneos;
				VALIDATE_PRODUCT = YES;
			};
			name = Release;
		};
		93CA06431B55C39A00A9876C /* Debug */ = {
			isa = XCBuildConfiguration;
			buildSettings = {
				ASSETCATALOG_COMPILER_APPICON_NAME = AppIcon;
				INFOPLIST_FILE = MyLog/Info.plist;
				LD_RUNPATH_SEARCH_PATHS = "$(inherited) @executable_path/Frameworks";
				PRODUCT_NAME = "$(TARGET_NAME)";
			};
			name = Debug;
		};
		93CA06441B55C39A00A9876C /* Release */ = {
			isa = XCBuildConfiguration;
			buildSettings = {
				ASSETCATALOG_COMPILER_APPICON_NAME = AppIcon;
				INFOPLIST_FILE = MyLog/Info.plist;
				LD_RUNPATH_SEARCH_PATHS = "$(inherited) @executable_path/Frameworks";
				PRODUCT_NAME = "$(TARGET_NAME)";
			};
			name = Release;
		};
		93CA06461B55C39A00A9876C /* Debug */ = {
			isa = XCBuildConfiguration;
			buildSettings = {
				BUNDLE_LOADER = "$(TEST_HOST)";
				FRAMEWORK_SEARCH_PATHS = (
					"$(SDKROOT)/Developer/Library/Frameworks",
					"$(inherited)",
				);
				GCC_PREPROCESSOR_DEFINITIONS = (
					"DEBUG=1",
					"$(inherited)",
				);
				INFOPLIST_FILE = MyLogTests/Info.plist;
				LD_RUNPATH_SEARCH_PATHS = "$(inherited) @executable_path/Frameworks @loader_path/Frameworks";
				PRODUCT_NAME = "$(TARGET_NAME)";
				TEST_HOST = "$(BUILT_PRODUCTS_DIR)/MyLog.app/MyLog";
			};
			name = Debug;
		};
		93CA06471B55C39A00A9876C /* Release */ = {
			isa = XCBuildConfiguration;
			buildSettings = {
				BUNDLE_LOADER = "$(TEST_HOST)";
				FRAMEWORK_SEARCH_PATHS = (
					"$(SDKROOT)/Developer/Library/Frameworks",
					"$(inherited)",
				);
				INFOPLIST_FILE = MyLogTests/Info.plist;
				LD_RUNPATH_SEARCH_PATHS = "$(inherited) @executable_path/Frameworks @loader_path/Frameworks";
				PRODUCT_NAME = "$(TARGET_NAME)";
				TEST_HOST = "$(BUILT_PRODUCTS_DIR)/MyLog.app/MyLog";
			};
			name = Release;
		};
/* End XCBuildConfiguration section */

/* Begin XCConfigurationList section */
		93CA061B1B55C39A00A9876C /* Build configuration list for PBXProject "MyLog" */ = {
			isa = XCConfigurationList;
			buildConfigurations = (
				93CA06401B55C39A00A9876C /* Debug */,
				93CA06411B55C39A00A9876C /* Release */,
			);
			defaultConfigurationIsVisible = 0;
			defaultConfigurationName = Release;
		};
		93CA06421B55C39A00A9876C /* Build configuration list for PBXNativeTarget "MyLog" */ = {
			isa = XCConfigurationList;
			buildConfigurations = (
				93CA06431B55C39A00A9876C /* Debug */,
				93CA06441B55C39A00A9876C /* Release */,
			);
			defaultConfigurationIsVisible = 0;
			defaultConfigurationName = Release;
		};
		93CA06451B55C39A00A9876C /* Build configuration list for PBXNativeTarget "MyLogTests" */ = {
			isa = XCConfigurationList;
			buildConfigurations = (
				93CA06461B55C39A00A9876C /* Debug */,
				93CA06471B55C39A00A9876C /* Release */,
			);
			defaultConfigurationIsVisible = 0;
			defaultConfigurationName = Release;
		};
/* End XCConfigurationList section */

/* Begin XCVersionGroup section */
		93CA06271B55C39A00A9876C /* MyLog.xcdatamodeld */ = {
			isa = XCVersionGroup;
			children = (
				93CA06281B55C39A00A9876C /* MyLog.xcdatamodel */,
			);
			currentVersion = 93CA06281B55C39A00A9876C /* MyLog.xcdatamodel */;
			path = MyLog.xcdatamodeld;
			sourceTree = "<group>";
			versionGroupType = wrapper.xcdatamodel;
		};
/* End XCVersionGroup section */
	};
	rootObject = 93CA06181B55C39A00A9876C /* Project object */;
}
